<?xml version="1.0" encoding="utf-8"?>
<Project ToolsVersion="4.0" xmlns="http://schemas.microsoft.com/developer/msbuild/2003">
  <ItemGroup>
    <Filter Include="리소스 파일">
      <UniqueIdentifier>{67DA6AB6-F800-4c08-8B7A-83BB121AAD01}</UniqueIdentifier>
      <Extensions>rc;ico;cur;bmp;dlg;rc2;rct;bin;rgs;gif;jpg;jpeg;jpe;resx;tiff;tif;png;wav;mfcribbon-ms</Extensions>
    </Filter>
    <Filter Include="Default">
      <UniqueIdentifier>{272a7028-2d6d-434f-9982-c39d1b575e41}</UniqueIdentifier>
    </Filter>
    <Filter Include="Default\Header">
      <UniqueIdentifier>{136fe76f-96c6-4077-bffd-52a74a2c06f8}</UniqueIdentifier>
    </Filter>
    <Filter Include="Default\Source">
      <UniqueIdentifier>{ac665899-ff48-4444-8d5b-a22c28e75140}</UniqueIdentifier>
    </Filter>
    <Filter Include="GameFramework">
      <UniqueIdentifier>{ad72d736-fbdb-4d83-b296-c3887524f367}</UniqueIdentifier>
    </Filter>
    <Filter Include="NetworkCommunicator">
      <UniqueIdentifier>{84a8ad48-8c9e-45bb-a90a-a5f523592d9c}</UniqueIdentifier>
    </Filter>
    <Filter Include="GameObject">
      <UniqueIdentifier>{d9d36520-05de-47d4-8c98-21179f585638}</UniqueIdentifier>
    </Filter>
    <Filter Include="Renderer">
      <UniqueIdentifier>{b221423a-5270-47a2-b814-67a77c8bbaf2}</UniqueIdentifier>
    </Filter>
    <Filter Include="Scene">
      <UniqueIdentifier>{5f1bbc96-c403-4d72-bd14-dde780959588}</UniqueIdentifier>
    </Filter>
    <Filter Include="Scene\SceneManager">
      <UniqueIdentifier>{3dfc6c65-f37a-44ff-8b38-1ed49755b916}</UniqueIdentifier>
    </Filter>
    <Filter Include="Scene\Scenes">
      <UniqueIdentifier>{2f893943-6a5a-467f-b344-3043988f9e75}</UniqueIdentifier>
    </Filter>
    <Filter Include="Scene\Scenes\Game">
      <UniqueIdentifier>{14a8bc3f-c7c8-4735-8335-2f1fbc6affc6}</UniqueIdentifier>
    </Filter>
    <Filter Include="Scene\Scenes\Lobby">
      <UniqueIdentifier>{bdca38a0-3a4f-4237-9f51-2c58422b460a}</UniqueIdentifier>
    </Filter>
    <Filter Include="Scene\Scenes\Result">
      <UniqueIdentifier>{d621e65a-029e-42ca-ad67-94b07304aa92}</UniqueIdentifier>
    </Filter>
    <Filter Include="Scene\Scenes\Login">
      <UniqueIdentifier>{f2b177b8-681c-4c6f-8a50-8813848b68be}</UniqueIdentifier>
    </Filter>
    <Filter Include="InputHandler">
      <UniqueIdentifier>{a7e91e5d-41d5-42e2-be74-8ea114f793a2}</UniqueIdentifier>
    </Filter>
  </ItemGroup>
  <ItemGroup>
    <ClInclude Include="framework.h">
      <Filter>Default\Header</Filter>
    </ClInclude>
    <ClInclude Include="pch.h">
      <Filter>Default\Header</Filter>
    </ClInclude>
    <ClInclude Include="Resource.h">
      <Filter>Default\Header</Filter>
    </ClInclude>
    <ClInclude Include="targetver.h">
      <Filter>Default\Header</Filter>
    </ClInclude>
    <ClInclude Include="BombRect_Client.h">
      <Filter>Default\Header</Filter>
    </ClInclude>
    <ClInclude Include="GameFramework.h">
      <Filter>GameFramework</Filter>
    </ClInclude>
    <ClInclude Include="SceneManager.h">
      <Filter>Scene\SceneManager</Filter>
    </ClInclude>
    <ClInclude Include="NetworkCommunicator.h">
      <Filter>NetworkCommunicator</Filter>
    </ClInclude>
    <ClInclude Include="Renderer.h">
      <Filter>Renderer</Filter>
    </ClInclude>
    <ClInclude Include="LoginScene.h">
      <Filter>Scene\Scenes\Login</Filter>
    </ClInclude>
    <ClInclude Include="GameScene.h">
      <Filter>Scene\Scenes\Game</Filter>
    </ClInclude>
    <ClInclude Include="GameObject.h">
      <Filter>GameObject</Filter>
    </ClInclude>
    <ClInclude Include="ObjectContainer.h">
      <Filter>GameObject</Filter>
    </ClInclude>
    <ClInclude Include="Scene.h">
      <Filter>Scene\Scenes</Filter>
    </ClInclude>
    <ClInclude Include="..\packets.h">
      <Filter>NetworkCommunicator</Filter>
    </ClInclude>
    <ClInclude Include="client_global.h" />
    <ClInclude Include="..\global.h" />
    <ClInclude Include="LobbyScene.h">
      <Filter>Scene\Scenes\Lobby</Filter>
    </ClInclude>
    <ClInclude Include="ResultScene.h">
      <Filter>Scene\Scenes\Result</Filter>
    </ClInclude>
    <ClInclude Include="InputHandler.h">
      <Filter>InputHandler</Filter>
    </ClInclude>
  </ItemGroup>
  <ItemGroup>
    <ClCompile Include="pch.cpp">
      <Filter>Default\Source</Filter>
    </ClCompile>
    <ClCompile Include="BombRect_Client.cpp">
      <Filter>Default\Source</Filter>
    </ClCompile>
    <ClCompile Include="SceneManager.cpp">
      <Filter>Scene\SceneManager</Filter>
    </ClCompile>
    <ClCompile Include="NetworkCommunicator.cpp">
      <Filter>NetworkCommunicator</Filter>
    </ClCompile>
    <ClCompile Include="Renderer.cpp">
      <Filter>Renderer</Filter>
    </ClCompile>
    <ClCompile Include="LoginScene.cpp">
      <Filter>Scene\Scenes\Login</Filter>
    </ClCompile>
    <ClCompile Include="GameScene.cpp">
      <Filter>Scene\Scenes\Game</Filter>
    </ClCompile>
    <ClCompile Include="GameFramework.cpp">
      <Filter>GameFramework</Filter>
    </ClCompile>
    <ClCompile Include="GameObject.cpp">
      <Filter>GameObject</Filter>
    </ClCompile>
    <ClCompile Include="ObjectContainer.cpp">
      <Filter>GameObject</Filter>
    </ClCompile>
    <ClCompile Include="LobbyScene.cpp">
      <Filter>Scene\Scenes\Lobby</Filter>
    </ClCompile>
    <ClCompile Include="ResultScene.cpp">
      <Filter>Scene\Scenes\Result</Filter>
    </ClCompile>
    <ClCompile Include="InputHandler.cpp">
      <Filter>InputHandler</Filter>
    </ClCompile>
  </ItemGroup>
  <ItemGroup>
    <Image Include="small.ico">
      <Filter>리소스 파일</Filter>
    </Image>
    <Image Include="BombRect_Client.ico">
      <Filter>리소스 파일</Filter>
    </Image>
    <Image Include="test.bmp">
      <Filter>리소스 파일</Filter>
    </Image>
  </ItemGroup>
  <ItemGroup>
    <ResourceCompile Include="BombRect_Client.rc">
      <Filter>리소스 파일</Filter>
    </ResourceCompile>
  </ItemGroup>
</Project>